// !$*UTF8*$!
{
	archiveVersion = 1;
	classes = {
	};
	objectVersion = 46;
	objects = {

/* Begin PBXBuildFile section */
		709222641B78FFF100C20ACD /* AppKit.framework in Frameworks */ = {isa = PBXBuildFile; fileRef = 709222631B78FFF100C20ACD /* AppKit.framework */; };
		709222661B78FFF100C20ACD /* Foundation.framework in Frameworks */ = {isa = PBXBuildFile; fileRef = 709222651B78FFF100C20ACD /* Foundation.framework */; };
		7092226B1B78FFF100C20ACD /* ConvertUIColor.xcscheme in Resources */ = {isa = PBXBuildFile; fileRef = 7092226A1B78FFF100C20ACD /* ConvertUIColor.xcscheme */; };
		7092226E1B78FFF100C20ACD /* ConvertUIColor.m in Sources */ = {isa = PBXBuildFile; fileRef = 7092226D1B78FFF100C20ACD /* ConvertUIColor.m */; };
		709222711B78FFF100C20ACD /* NSObject_Extension.m in Sources */ = {isa = PBXBuildFile; fileRef = 709222701B78FFF100C20ACD /* NSObject_Extension.m */; };
/* End PBXBuildFile section */

/* Begin PBXFileReference section */
		709222601B78FFF100C20ACD /* ConvertUIColor.xcplugin */ = {isa = PBXFileReference; explicitFileType = wrapper.cfbundle; includeInIndex = 0; path = ConvertUIColor.xcplugin; sourceTree = BUILT_PRODUCTS_DIR; };
		709222631B78FFF100C20ACD /* AppKit.framework */ = {isa = PBXFileReference; lastKnownFileType = wrapper.framework; name = AppKit.framework; path = /System/Library/Frameworks/AppKit.framework; sourceTree = "<absolute>"; };
		709222651B78FFF100C20ACD /* Foundation.framework */ = {isa = PBXFileReference; lastKnownFileType = wrapper.framework; name = Foundation.framework; path = /System/Library/Frameworks/Foundation.framework; sourceTree = "<absolute>"; };
		709222691B78FFF100C20ACD /* Info.plist */ = {isa = PBXFileReference; lastKnownFileType = text.plist.xml; path = Info.plist; sourceTree = "<group>"; };
		7092226A1B78FFF100C20ACD /* ConvertUIColor.xcscheme */ = {isa = PBXFileReference; lastKnownFileType = text.xml; name = ConvertUIColor.xcscheme; path = ConvertUIColor.xcodeproj/xcshareddata/xcschemes/ConvertUIColor.xcscheme; sourceTree = SOURCE_ROOT; };
		7092226C1B78FFF100C20ACD /* ConvertUIColor.h */ = {isa = PBXFileReference; lastKnownFileType = sourcecode.c.h; path = ConvertUIColor.h; sourceTree = "<group>"; };
		7092226D1B78FFF100C20ACD /* ConvertUIColor.m */ = {isa = PBXFileReference; lastKnownFileType = sourcecode.c.objc; path = ConvertUIColor.m; sourceTree = "<group>"; };
		7092226F1B78FFF100C20ACD /* NSObject_Extension.h */ = {isa = PBXFileReference; lastKnownFileType = sourcecode.c.h; path = NSObject_Extension.h; sourceTree = "<group>"; };
		709222701B78FFF100C20ACD /* NSObject_Extension.m */ = {isa = PBXFileReference; lastKnownFileType = sourcecode.c.objc; path = NSObject_Extension.m; sourceTree = "<group>"; };
/* End PBXFileReference section */

/* Begin PBXFrameworksBuildPhase section */
		7092225E1B78FFF100C20ACD /* Frameworks */ = {
			isa = PBXFrameworksBuildPhase;
			buildActionMask = 2147483647;
			files = (
				709222641B78FFF100C20ACD /* AppKit.framework in Frameworks */,
				709222661B78FFF100C20ACD /* Foundation.framework in Frameworks */,
			);
			runOnlyForDeploymentPostprocessing = 0;
		};
/* End PBXFrameworksBuildPhase section */

/* Begin PBXGroup section */
		709222571B78FFF100C20ACD = {
			isa = PBXGroup;
			children = (
				709222671B78FFF100C20ACD /* ConvertUIColor */,
				709222621B78FFF100C20ACD /* Frameworks */,
				709222611B78FFF100C20ACD /* Products */,
			);
			sourceTree = "<group>";
		};
		709222611B78FFF100C20ACD /* Products */ = {
			isa = PBXGroup;
			children = (
				709222601B78FFF100C20ACD /* ConvertUIColor.xcplugin */,
			);
			name = Products;
			sourceTree = "<group>";
		};
		709222621B78FFF100C20ACD /* Frameworks */ = {
			isa = PBXGroup;
			children = (
				709222631B78FFF100C20ACD /* AppKit.framework */,
				709222651B78FFF100C20ACD /* Foundation.framework */,
			);
			name = Frameworks;
			sourceTree = "<group>";
		};
		709222671B78FFF100C20ACD /* ConvertUIColor */ = {
			isa = PBXGroup;
			children = (
				7092226C1B78FFF100C20ACD /* ConvertUIColor.h */,
				7092226D1B78FFF100C20ACD /* ConvertUIColor.m */,
				7092226F1B78FFF100C20ACD /* NSObject_Extension.h */,
				709222701B78FFF100C20ACD /* NSObject_Extension.m */,
				709222681B78FFF100C20ACD /* Supporting Files */,
			);
			path = ConvertUIColor;
			sourceTree = "<group>";
		};
		709222681B78FFF100C20ACD /* Supporting Files */ = {
			isa = PBXGroup;
			children = (
				709222691B78FFF100C20ACD /* Info.plist */,
				7092226A1B78FFF100C20ACD /* ConvertUIColor.xcscheme */,
			);
			name = "Supporting Files";
			sourceTree = "<group>";
		};
/* End PBXGroup section */

/* Begin PBXNativeTarget section */
		7092225F1B78FFF100C20ACD /* ConvertUIColor */ = {
			isa = PBXNativeTarget;
			buildConfigurationList = 709222741B78FFF100C20ACD /* Build configuration list for PBXNativeTarget "ConvertUIColor" */;
			buildPhases = (
				7092225C1B78FFF100C20ACD /* Sources */,
				7092225D1B78FFF100C20ACD /* Resources */,
				7092225E1B78FFF100C20ACD /* Frameworks */,
			);
			buildRules = (
			);
			dependencies = (
			);
			name = ConvertUIColor;
			productName = ConvertUIColor;
			productReference = 709222601B78FFF100C20ACD /* ConvertUIColor.xcplugin */;
			productType = "com.apple.product-type.bundle";
		};
/* End PBXNativeTarget section */

/* Begin PBXProject section */
		709222581B78FFF100C20ACD /* Project object */ = {
			isa = PBXProject;
			attributes = {
				LastUpgradeCheck = 0630;
				ORGANIZATIONNAME = gmaesak;
				TargetAttributes = {
					7092225F1B78FFF100C20ACD = {
						CreatedOnToolsVersion = 6.3.2;
					};
				};
			};
			buildConfigurationList = 7092225B1B78FFF100C20ACD /* Build configuration list for PBXProject "ConvertUIColor" */;
			compatibilityVersion = "Xcode 3.2";
			developmentRegion = English;
			hasScannedForEncodings = 0;
			knownRegions = (
				en,
			);
			mainGroup = 709222571B78FFF100C20ACD;
			productRefGroup = 709222611B78FFF100C20ACD /* Products */;
			projectDirPath = "";
			projectRoot = "";
			targets = (
				7092225F1B78FFF100C20ACD /* ConvertUIColor */,
			);
		};
/* End PBXProject section */

/* Begin PBXResourcesBuildPhase section */
		7092225D1B78FFF100C20ACD /* Resources */ = {
			isa = PBXResourcesBuildPhase;
			buildActionMask = 2147483647;
			files = (
				7092226B1B78FFF100C20ACD /* ConvertUIColor.xcscheme in Resources */,
			);
			runOnlyForDeploymentPostprocessing = 0;
		};
/* End PBXResourcesBuildPhase section */

/* Begin PBXSourcesBuildPhase section */
		7092225C1B78FFF100C20ACD /* Sources */ = {
			isa = PBXSourcesBuildPhase;
			buildActionMask = 2147483647;
			files = (
				7092226E1B78FFF100C20ACD /* ConvertUIColor.m in Sources */,
				709222711B78FFF100C20ACD /* NSObject_Extension.m in Sources */,
			);
			runOnlyForDeploymentPostprocessing = 0;
		};
/* End PBXSourcesBuildPhase section */

/* Begin XCBuildConfiguration section */
		709222721B78FFF100C20ACD /* Debug */ = {
			isa = XCBuildConfiguration;
			buildSettings = {
				ALWAYS_SEARCH_USER_PATHS = NO;
				CLANG_CXX_LANGUAGE_STANDARD = "gnu++0x";
				CLANG_CXX_LIBRARY = "libc++";
				CLANG_ENABLE_MODULES = YES;
				CLANG_ENABLE_OBJC_ARC = YES;
				CLANG_WARN_BOOL_CONVERSION = YES;
				CLANG_WARN_CONSTANT_CONVERSION = YES;
				CLANG_WARN_DIRECT_OBJC_ISA_USAGE = YES_ERROR;
				CLANG_WARN_EMPTY_BODY = YES;
				CLANG_WARN_ENUM_CONVERSION = YES;
				CLANG_WARN_INT_CONVERSION = YES;
				CLANG_WARN_OBJC_ROOT_CLASS = YES_ERROR;
				CLANG_WARN_UNREACHABLE_CODE = YES;
				CLANG_WARN__DUPLICATE_METHOD_MATCH = YES;
				COPY_PHASE_STRIP = NO;
				ENABLE_STRICT_OBJC_MSGSEND = YES;
				GCC_C_LANGUAGE_STANDARD = gnu99;
				GCC_DYNAMIC_NO_PIC = NO;
				GCC_NO_COMMON_BLOCKS = YES;
				GCC_OPTIMIZATION_LEVEL = 0;
				GCC_PREPROCESSOR_DEFINITIONS = (
					"DEBUG=1",
					"$(inherited)",
				);
				GCC_SYMBOLS_PRIVATE_EXTERN = NO;
				GCC_WARN_64_TO_32_BIT_CONVERSION = YES;
				GCC_WARN_ABOUT_RETURN_TYPE = YES_ERROR;
				GCC_WARN_UNDECLARED_SELECTOR = YES;
				GCC_WARN_UNINITIALIZED_AUTOS = YES_AGGRESSIVE;
				GCC_WARN_UNUSED_FUNCTION = YES;
				GCC_WARN_UNUSED_VARIABLE = YES;
				MTL_ENABLE_DEBUG_INFO = YES;
				ONLY_ACTIVE_ARCH = YES;
			};
			name = Debug;
		};
		709222731B78FFF100C20ACD /* Release */ = {
			isa = XCBuildConfiguration;
			buildSettings = {
				ALWAYS_SEARCH_USER_PATHS = NO;
				CLANG_CXX_LANGUAGE_STANDARD = "gnu++0x";
				CLANG_CXX_LIBRARY = "libc++";
				CLANG_ENABLE_MODULES = YES;
				CLANG_ENABLE_OBJC_ARC = YES;
				CLANG_WARN_BOOL_CONVERSION = YES;
				CLANG_WARN_CONSTANT_CONVERSION = YES;
				CLANG_WARN_DIRECT_OBJC_ISA_USAGE = YES_ERROR;
				CLANG_WARN_EMPTY_BODY = YES;
				CLANG_WARN_ENUM_CONVERSION = YES;
				CLANG_WARN_INT_CONVERSION = YES;
				CLANG_WARN_OBJC_ROOT_CLASS = YES_ERROR;
				CLANG_WARN_UNREACHABLE_CODE = YES;
				CLANG_WARN__DUPLICATE_METHOD_MATCH = YES;
				COPY_PHASE_STRIP = NO;
				ENABLE_NS_ASSERTIONS = NO;
				ENABLE_STRICT_OBJC_MSGSEND = YES;
				GCC_C_LANGUAGE_STANDARD = gnu99;
				GCC_NO_COMMON_BLOCKS = YES;
				GCC_WARN_64_TO_32_BIT_CONVERSION = YES;
				GCC_WARN_ABOUT_RETURN_TYPE = YES_ERROR;
				GCC_WARN_UNDECLARED_SELECTOR = YES;
				GCC_WARN_UNINITIALIZED_AUTOS = YES_AGGRESSIVE;
				GCC_WARN_UNUSED_FUNCTION = YES;
				GCC_WARN_UNUSED_VARIABLE = YES;
				MTL_ENABLE_DEBUG_INFO = NO;
			};
			name = Release;
		};
		709222751B78FFF100C20ACD /* Debug */ = {
			isa = XCBuildConfiguration;
			buildSettings = {
				COMBINE_HIDPI_IMAGES = YES;
				DEPLOYMENT_LOCATION = YES;
				DSTROOT = "$(HOME)";
				INFOPLIST_FILE = ConvertUIColor/Info.plist;
				INSTALL_PATH = "/Library/Application Support/Developer/Shared/Xcode/Plug-ins";
				MACOSX_DEPLOYMENT_TARGET = 10.10;
				PRODUCT_NAME = "$(TARGET_NAME)";
				WRAPPER_EXTENSION = xcplugin;
			};
			name = Debug;
		};
		709222761B78FFF100C20ACD /* Release */ = {
			isa = XCBuildConfiguration;
			buildSettings = {
				COMBINE_HIDPI_IMAGES = YES;
				DEPLOYMENT_LOCATION = YES;
				DSTROOT = "$(HOME)";
				INFOPLIST_FILE = ConvertUIColor/Info.plist;
				INSTALL_PATH = "/Library/Application Support/Developer/Shared/Xcode/Plug-ins";
				MACOSX_DEPLOYMENT_TARGET = 10.10;
				PRODUCT_NAME = "$(TARGET_NAME)";
				WRAPPER_EXTENSION = xcplugin;
			};
			name = Release;
		};
/* End XCBuildConfiguration section */

/* Begin XCConfigurationList section */
		7092225B1B78FFF100C20ACD /* Build configuration list for PBXProject "ConvertUIColor" */ = {
			isa = XCConfigurationList;
			buildConfigurations = (
				709222721B78FFF100C20ACD /* Debug */,
				709222731B78FFF100C20ACD /* Release */,
			);
			defaultConfigurationIsVisible = 0;
			defaultConfigurationName = Release;
		};
		709222741B78FFF100C20ACD /* Build configuration list for PBXNativeTarget "ConvertUIColor" */ = {
			isa = XCConfigurationList;
			buildConfigurations = (
				709222751B78FFF100C20ACD /* Debug */,
				709222761B78FFF100C20ACD /* Release */,
			);
			defaultConfigurationIsVisible = 0;
		};
/* End XCConfigurationList section */
	};
	rootObject = 709222581B78FFF100C20ACD /* Project object */;
}
